
Microsoft Visual Studio Solution File, Format Version 12.00
# Visual Studio Version 17
VisualStudioVersion = 17.1.32228.430
MinimumVisualStudioVersion = 10.0.40219.1
Project("{FAE04EC0-301F-11D3-BF4B-00C04F79EFBC}") = "App", "App\App.csproj", "{EAEE0FF7-F2A1-4BF4-9EDD-A1598D803F4A}"
EndProject
Project("{FAE04EC0-301F-11D3-BF4B-00C04F79EFBC}") = "WebAPI", "WebAPI\WebAPI.csproj", "{1EA50EA2-5A5B-48B2-B7E1-E512B4152312}"
EndProject
Global
	GlobalSection(SolutionConfigurationPlatforms) = preSolution
		Debug|Any CPU = Debug|Any CPU
		Debug|ARM = Debug|ARM
		Debug|ARM64 = Debug|ARM64
		Debug|x64 = Debug|x64
		Debug|x86 = Debug|x86
		Release|Any CPU = Release|Any CPU
		Release|ARM = Release|ARM
		Release|ARM64 = Release|ARM64
		Release|x64 = Release|x64
		Release|x86 = Release|x86
	EndGlobalSection
	GlobalSection(ProjectConfigurationPlatforms) = postSolution
		{EAEE0FF7-F2A1-4BF4-9EDD-A1598D803F4A}.Debug|Any CPU.ActiveCfg = Debug|x64
		{EAEE0FF7-F2A1-4BF4-9EDD-A1598D803F4A}.Debug|Any CPU.Build.0 = Debug|x64
		{EAEE0FF7-F2A1-4BF4-9EDD-A1598D803F4A}.Debug|Any CPU.Deploy.0 = Debug|x64
		{EAEE0FF7-F2A1-4BF4-9EDD-A1598D803F4A}.Debug|ARM.ActiveCfg = Debug|ARM
		{EAEE0FF7-F2A1-4BF4-9EDD-A1598D803F4A}.Debug|ARM.Build.0 = Debug|ARM
		{EAEE0FF7-F2A1-4BF4-9EDD-A1598D803F4A}.Debug|ARM.Deploy.0 = Debug|ARM
		{EAEE0FF7-F2A1-4BF4-9EDD-A1598D803F4A}.Debug|ARM64.ActiveCfg = Debug|ARM64
		{EAEE0FF7-F2A1-4BF4-9EDD-A1598D803F4A}.Debug|ARM64.Build.0 = Debug|ARM64
		{EAEE0FF7-F2A1-4BF4-9EDD-A1598D803F4A}.Debug|ARM64.Deploy.0 = Debug|ARM64
		{EAEE0FF7-F2A1-4BF4-9EDD-A1598D803F4A}.Debug|x64.ActiveCfg = Debug|x64
		{EAEE0FF7-F2A1-4BF4-9EDD-A1598D803F4A}.Debug|x64.Build.0 = Debug|x64
		{EAEE0FF7-F2A1-4BF4-9EDD-A1598D803F4A}.Debug|x64.Deploy.0 = Debug|x64
		{EAEE0FF7-F2A1-4BF4-9EDD-A1598D803F4A}.Debug|x86.ActiveCfg = Debug|x86
		{EAEE0FF7-F2A1-4BF4-9EDD-A1598D803F4A}.Debug|x86.Build.0 = Debug|x86
		{EAEE0FF7-F2A1-4BF4-9EDD-A1598D803F4A}.Debug|x86.Deploy.0 = Debug|x86
		{EAEE0FF7-F2A1-4BF4-9EDD-A1598D803F4A}.Release|Any CPU.ActiveCfg = Release|x64
		{EAEE0FF7-F2A1-4BF4-9EDD-A1598D803F4A}.Release|Any CPU.Build.0 = Release|x64
		{EAEE0FF7-F2A1-4BF4-9EDD-A1598D803F4A}.Release|Any CPU.Deploy.0 = Release|x64
		{EAEE0FF7-F2A1-4BF4-9EDD-A1598D803F4A}.Release|ARM.ActiveCfg = Release|ARM
		{EAEE0FF7-F2A1-4BF4-9EDD-A1598D803F4A}.Release|ARM.Build.0 = Release|ARM
		{EAEE0FF7-F2A1-4BF4-9EDD-A1598D803F4A}.Release|ARM.Deploy.0 = Release|ARM
		{EAEE0FF7-F2A1-4BF4-9EDD-A1598D803F4A}.Release|ARM64.ActiveCfg = Release|ARM64
		{EAEE0FF7-F2A1-4BF4-9EDD-A1598D803F4A}.Release|ARM64.Build.0 = Release|ARM64
		{EAEE0FF7-F2A1-4BF4-9EDD-A1598D803F4A}.Release|ARM64.Deploy.0 = Release|ARM64
		{EAEE0FF7-F2A1-4BF4-9EDD-A1598D803F4A}.Release|x64.ActiveCfg = Release|x64
		{EAEE0FF7-F2A1-4BF4-9EDD-A1598D803F4A}.Release|x64.Build.0 = Release|x64
		{EAEE0FF7-F2A1-4BF4-9EDD-A1598D803F4A}.Release|x64.Deploy.0 = Release|x64
		{EAEE0FF7-F2A1-4BF4-9EDD-A1598D803F4A}.Release|x86.ActiveCfg = Release|x86
		{EAEE0FF7-F2A1-4BF4-9EDD-A1598D803F4A}.Release|x86.Build.0 = Release|x86
		{EAEE0FF7-F2A1-4BF4-9EDD-A1598D803F4A}.Release|x86.Deploy.0 = Release|x86
		{1EA50EA2-5A5B-48B2-B7E1-E512B4152312}.Debug|Any CPU.ActiveCfg = Debug|Any CPU
		{1EA50EA2-5A5B-48B2-B7E1-E512B4152312}.Debug|Any CPU.Build.0 = Debug|Any CPU
		{1EA50EA2-5A5B-48B2-B7E1-E512B4152312}.Debug|ARM.ActiveCfg = Debug|Any CPU
		{1EA50EA2-5A5B-48B2-B7E1-E512B4152312}.Debug|ARM.Build.0 = Debug|Any CPU
		{1EA50EA2-5A5B-48B2-B7E1-E512B4152312}.Debug|ARM64.ActiveCfg = Debug|Any CPU
		{1EA50EA2-5A5B-48B2-B7E1-E512B4152312}.Debug|ARM64.Build.0 = Debug|Any CPU
		{1EA50EA2-5A5B-48B2-B7E1-E512B4152312}.Debug|x64.ActiveCfg = Debug|Any CPU
		{1EA50EA2-5A5B-48B2-B7E1-E512B4152312}.Debug|x64.Build.0 = Debug|Any CPU
		{1EA50EA2-5A5B-48B2-B7E1-E512B4152312}.Debug|x86.ActiveCfg = Debug|Any CPU
		{1EA50EA2-5A5B-48B2-B7E1-E512B4152312}.Debug|x86.Build.0 = Debug|Any CPU
		{1EA50EA2-5A5B-48B2-B7E1-E512B4152312}.Release|Any CPU.ActiveCfg = Release|Any CPU
		{1EA50EA2-5A5B-48B2-B7E1-E512B4152312}.Release|Any CPU.Build.0 = Release|Any CPU
		{1EA50EA2-5A5B-48B2-B7E1-E512B4152312}.Release|ARM.ActiveCfg = Release|Any CPU
		{1EA50EA2-5A5B-48B2-B7E1-E512B4152312}.Release|ARM.Build.0 = Release|Any CPU
		{1EA50EA2-5A5B-48B2-B7E1-E512B4152312}.Release|ARM64.ActiveCfg = Release|Any CPU
		{1EA50EA2-5A5B-48B2-B7E1-E512B4152312}.Release|ARM64.Build.0 = Release|Any CPU
		{1EA50EA2-5A5B-48B2-B7E1-E512B4152312}.Release|x64.ActiveCfg = Release|Any CPU
		{1EA50EA2-5A5B-48B2-B7E1-E512B4152312}.Release|x64.Build.0 = Release|Any CPU
		{1EA50EA2-5A5B-48B2-B7E1-E512B4152312}.Release|x86.ActiveCfg = Release|Any CPU
		{1EA50EA2-5A5B-48B2-B7E1-E512B4152312}.Release|x86.Build.0 = Release|Any CPU
	EndGlobalSection
	GlobalSection(SolutionProperties) = preSolution
		HideSolutionNode = FALSE
	EndGlobalSection
	GlobalSection(ExtensibilityGlobals) = postSolution
		SolutionGuid = {DA7691A7-19F1-4380-AC36-F9B94B4E4B95}
	EndGlobalSection
EndGlobal
